{
  "name": "science",
  "version": "1.0.0",
  "lockfileVersion": 1,
  "requires": true,
  "dependencies": {
    "adler-32": {
      "version": "1.2.0",
      "resolved": "https://registry.npmjs.org/adler-32/-/adler-32-1.2.0.tgz",
      "integrity": "sha1-aj5r8KY5ALoVZSgIyxXGgT0aXyU=",
      "requires": {
        "exit-on-epipe": "~1.0.1",
        "printj": "~1.1.0"
      }
    },
    "cfb": {
      "version": "0.11.1",
      "resolved": "https://registry.npmjs.org/cfb/-/cfb-0.11.1.tgz",
      "integrity": "sha1-qW248nKmw/uZ27sj70EiP0i+Hqc=",
      "requires": {
        "commander": "^4.1.0"
      }
    },
    "codepage": {
      "version": "1.14.0",
      "resolved": "https://registry.npmjs.org/codepage/-/codepage-1.14.0.tgz",
      "integrity": "sha1-jL4lSBMjVZ19MHVxsP/5HnodL5k=",
      "requires": {
        "commander": "~2.14.1",
        "exit-on-epipe": "~1.0.1"
      },
      "dependencies": {
        "commander": {
          "version": "2.14.1",
          "resolved": "https://registry.npmjs.org/commander/-/commander-2.14.1.tgz",
          "integrity": "sha512-+YR16o3rK53SmWHU3rEM3tPAh2rwb1yPcQX5irVn7mb0gXbwuCCrnkbV5+PBfETdfg1vui07nM6PCG1zndcjQw=="
        }
      }
    },
    "colors": {
      "version": "0.6.2",
      "resolved": "https://registry.npmjs.org/colors/-/colors-0.6.2.tgz",
      "integrity": "sha1-JCP+ZnisDF2uiFLl0OW+CMmXq8w="
    },
    "commander": {
      "version": "4.1.0",
      "resolved": "https://registry.npmjs.org/commander/-/commander-4.1.0.tgz",
      "integrity": "sha512-NIQrwvv9V39FHgGFm36+U9SMQzbiHvU79k+iADraJTpmrFFfx7Ds0IvDoAdZsDrknlkRk14OYoWXb57uTh7/sw=="
    },
    "crc-32": {
      "version": "1.2.0",
      "resolved": "https://registry.npmjs.org/crc-32/-/crc-32-1.2.0.tgz",
      "integrity": "sha512-1uBwHxF+Y/4yF5G48fwnKq6QsIXheor3ZLPT80yGBV1oEUwpPojlEhQbWKVw1VwcTQyMGHK1/XMmTjmlsmTTGA==",
      "requires": {
        "exit-on-epipe": "~1.0.1",
        "printj": "~1.1.0"
      }
    },
    "exit-on-epipe": {
      "version": "1.0.1",
      "resolved": "https://registry.npmjs.org/exit-on-epipe/-/exit-on-epipe-1.0.1.tgz",
      "integrity": "sha512-h2z5mrROTxce56S+pnvAV890uu7ls7f1kEvVGJbw1OlFH3/mlJ5bkXu0KRyW94v37zzHPiUd55iLn3DA7TjWpw=="
    },
    "fdrop": {
      "version": "1.0.4",
      "resolved": "https://registry.npmjs.org/fdrop/-/fdrop-1.0.4.tgz",
      "integrity": "sha512-JVEcqELP3tNx0e4nzHDG4XGX/cP/8NguWT6J0qT4jwdtrRBiUJXkD+60lxOFYwBw5CgX76wD2k8DnI9v3tFQbQ=="
    },
    "frac": {
      "version": "0.3.1",
      "resolved": "https://registry.npmjs.org/frac/-/frac-0.3.1.tgz",
      "integrity": "sha1-V3Z3t/3L5vr3xGHxgB00E3zaQ1Q="
    },
    "g": {
      "version": "2.0.1",
      "resolved": "https://registry.npmjs.org/g/-/g-2.0.1.tgz",
      "integrity": "sha1-C1lj69DKcOO8jGdmk0oCGCHIuFc="
    },
    "jquery": {
      "version": "3.5.0",
      "resolved": "https://registry.npmjs.org/jquery/-/jquery-3.5.0.tgz",
      "integrity": "sha512-Xb7SVYMvygPxbFMpTFQiHh1J7HClEaThguL15N/Gg37Lri/qKyhRGZYzHRyLH8Stq3Aow0LsHO2O2ci86fCrNQ=="
    },
    "jquery-ui": {
      "version": "1.12.1",
      "resolved": "https://registry.npmjs.org/jquery-ui/-/jquery-ui-1.12.1.tgz",
      "integrity": "sha1-vLQEXI3QU5wTS8FIjN0+dop6nlE="
    },
    "log5": {
      "version": "2.0.0",
      "resolved": "https://registry.npmjs.org/log5/-/log5-2.0.0.tgz",
      "integrity": "sha1-zhVjUvd/SH86YjNxAscWoMB2meM="
    },
    "meet": {
      "version": "2.0.0",
      "resolved": "https://registry.npmjs.org/meet/-/meet-2.0.0.tgz",
      "integrity": "sha1-N33k8AITeM8T2Utzj8fdFTWwaEo="
    },
    "printj": {
      "version": "1.1.2",
      "resolved": "https://registry.npmjs.org/printj/-/printj-1.1.2.tgz",
      "integrity": "sha512-zA2SmoLaxZyArQTOPj5LXecR+RagfPSU5Kw1qP+jkWeNlrq+eJZyY2oS68SU1Z/7/myXM4lo9716laOFAVStCQ=="
    },
    "runq": {
      "version": "1.1.2",
      "resolved": "https://registry.npmjs.org/runq/-/runq-1.1.2.tgz",
      "integrity": "sha1-jLeIeLNKdE+1lUunR2O6Ms5YIJQ="
    },
    "sleepless": {
      "version": "2.7.2",
      "resolved": "https://registry.npmjs.org/sleepless/-/sleepless-2.7.2.tgz",
      "integrity": "sha512-tnOcMjXNGim4IJP/VMeyBWFy9oMHCLWe8Jt5Hlx7XfysXHPz1v66rZ3eKBqBvwZbRMXhXxhCY45GkE361C79Xg=="
    },
    "sleepless-replicate": {
      "version": "2.2.4",
      "resolved": "https://registry.npmjs.org/sleepless-replicate/-/sleepless-replicate-2.2.4.tgz",
      "integrity": "sha1-XYKMiKi0zfpeZEbABcD0AemBvQU="
    },
    "sleepless-xlsx": {
      "version": "1.0.1",
      "resolved": "https://registry.npmjs.org/sleepless-xlsx/-/sleepless-xlsx-1.0.1.tgz",
      "integrity": "sha1-gtO7GDJIdNlAyKQrsUl2jfKDpqU=",
      "requires": {
        "xlsx": "^0.8.0"
      },
      "dependencies": {
        "xlsx": {
          "version": "0.8.8",
          "resolved": "https://registry.npmjs.org/xlsx/-/xlsx-0.8.8.tgz",
          "integrity": "sha1-uS124LXk8GDJII1LdEdWUQRDhTo=",
          "requires": {
            "adler-32": "^1.2.0",
            "cfb": "~0.11.0",
            "codepage": "^1.14.0",
            "commander": "^4.1.0",
            "crc-32": "^1.2.0",
            "exit-on-epipe": "^1.0.1",
            "ssf": "~0.8.1"
          }
        }
      }
    },
    "ssf": {
      "version": "0.8.2",
      "resolved": "https://registry.npmjs.org/ssf/-/ssf-0.8.2.tgz",
      "integrity": "sha1-udTcahwbz3b4q/qW19dlb7Kr7NY=",
      "requires": {
        "colors": "0.6.2",
        "frac": "0.3.1",
        "voc": "^1.1.0"
      }
    },
    "voc": {
      "version": "1.1.0",
      "resolved": "https://registry.npmjs.org/voc/-/voc-1.1.0.tgz",
      "integrity": "sha512-fthgd8OJLqq8vPcLjElTk6Rcl2e3v5ekcXauImaqEnQqd5yUWKg1+ZOBgS2KTWuVKcuvZMQq4TDptiT1uYddUA=="
    },
    "xlsx": {
      "version": "0.12.13",
      "resolved": "https://registry.npmjs.org/xlsx/-/xlsx-0.12.13.tgz",
      "integrity": "sha512-9/2H4PLphmG8sDvI3mfWb6JIFqbvK8IRGhgS55Pw5F+fmKPuzdv4OW9RFjrH5PiTKeqB/883Z8o+jW3JrDahmw==",
      "requires": {
        "adler-32": "~1.2.0",
        "cfb": "~1.0.7",
        "codepage": "~1.13.0",
        "commander": "~2.15.1",
        "crc-32": "~1.2.0",
        "exit-on-epipe": "~1.0.1",
        "ssf": "~0.10.2"
      },
      "dependencies": {
        "cfb": {
          "version": "1.0.8",
          "resolved": "https://registry.npmjs.org/cfb/-/cfb-1.0.8.tgz",
          "integrity": "sha1-d/ITST1pfXVP2cD1UR6rWtctAs8=",
          "requires": {
            "commander": "^2.14.1",
            "printj": "~1.1.2"
          }
        },
        "codepage": {
          "version": "1.13.1",
          "resolved": "https://registry.npmjs.org/codepage/-/codepage-1.13.1.tgz",
          "integrity": "sha512-KnY6cQlgkfBjplnQkLk3M5KEfAKa7i9SMqXp+bMuy2/bgYovvU4LDAQvkMaoScwhvozA9VUtgnbS4Z8f7zVA8w==",
          "requires": {
            "commander": "~2.14.1",
            "exit-on-epipe": "~1.0.1"
          },
          "dependencies": {
            "commander": {
              "version": "2.14.1",
              "resolved": "https://registry.npmjs.org/commander/-/commander-2.14.1.tgz",
              "integrity": "sha512-+YR16o3rK53SmWHU3rEM3tPAh2rwb1yPcQX5irVn7mb0gXbwuCCrnkbV5+PBfETdfg1vui07nM6PCG1zndcjQw=="
            }
          }
        },
        "commander": {
          "version": "2.15.1",
          "resolved": "https://registry.npmjs.org/commander/-/commander-2.15.1.tgz",
          "integrity": "sha512-VlfT9F3V0v+jr4yxPc5gg9s62/fIVWsd2Bk2iD435um1NlGMYdVCq+MjcXnhYq2icNOizHr1kK+5TI6H0Hy0ag=="
        },
        "frac": {
          "version": "1.1.2",
          "resolved": "https://registry.npmjs.org/frac/-/frac-1.1.2.tgz",
          "integrity": "sha512-w/XBfkibaTl3YDqASwfDUqkna4Z2p9cFSr1aHDt0WoMTECnRfBOv2WArlZILlqgWlmdIlALXGpM2AOhEk5W3IA=="
        },
        "ssf": {
          "version": "0.10.2",
          "resolved": "https://registry.npmjs.org/ssf/-/ssf-0.10.2.tgz",
          "integrity": "sha512-rDhAPm9WyIsY8eZEKyE8Qsotb3j/wBdvMWBUsOhJdfhKGLfQidRjiBUV0y/MkyCLiXQ38FG6LWW/VYUtqlIDZQ==",
          "requires": {
            "frac": "~1.1.2"
          }
        }
      }
    }
  }
}
